
Microsoft Visual Studio Solution File, Format Version 12.00
# Visual Studio Version 16
VisualStudioVersion = 16.0.32602.291
MinimumVisualStudioVersion = 10.0.40219.1
Project("{FAE04EC0-301F-11D3-BF4B-00C04F79EFBC}") = "YoRoToServer", "YoRoToServer\YoRoToServer.csproj", "{42E89266-DA03-4B45-B025-EE7DA163D29A}"
EndProject
Global
	GlobalSection(SolutionConfigurationPlatforms) = preSolution
		Debug|Any CPU = Debug|Any CPU
		Release|Any CPU = Release|Any CPU
	EndGlobalSection
	GlobalSection(ProjectConfigurationPlatforms) = postSolution
		{42E89266-DA03-4B45-B025-EE7DA163D29A}.Debug|Any CPU.ActiveCfg = Debug|Any CPU
		{42E89266-DA03-4B45-B025-EE7DA163D29A}.Debug|Any CPU.Build.0 = Debug|Any CPU
		{42E89266-DA03-4B45-B025-EE7DA163D29A}.Release|Any CPU.ActiveCfg = Release|Any CPU
		{42E89266-DA03-4B45-B025-EE7DA163D29A}.Release|Any CPU.Build.0 = Release|Any CPU
	EndGlobalSection
	GlobalSection(SolutionProperties) = preSolution
		HideSolutionNode = FALSE
	EndGlobalSection
	GlobalSection(ExtensibilityGlobals) = postSolution
		SolutionGuid = {3217711D-4BAE-46E3-A589-6FACCFC47885}
	EndGlobalSection
EndGlobal
